
Microsoft Visual Studio Solution File, Format Version 12.00
# Visual Studio 2012
Project("{FAE04EC0-301F-11D3-BF4B-00C04F79EFBC}") = "WordpressTesting", "WordpressTesting.csproj", "{C1ECD687-F5EF-40F6-A5C0-CAF376B669EB}"
EndProject
Project("{FAE04EC0-301F-11D3-BF4B-00C04F79EFBC}") = "WordpressTests", "..\WordpressTests\WordpressTests.csproj", "{06756FAE-8198-4DC8-A74E-5B931A1EEC34}"
EndProject
Global
	GlobalSection(SolutionConfigurationPlatforms) = preSolution
		Debug|Any CPU = Debug|Any CPU
		Release|Any CPU = Release|Any CPU
	EndGlobalSection
	GlobalSection(ProjectConfigurationPlatforms) = postSolution
		{C1ECD687-F5EF-40F6-A5C0-CAF376B669EB}.Debug|Any CPU.ActiveCfg = Debug|Any CPU
		{C1ECD687-F5EF-40F6-A5C0-CAF376B669EB}.Debug|Any CPU.Build.0 = Debug|Any CPU
		{C1ECD687-F5EF-40F6-A5C0-CAF376B669EB}.Release|Any CPU.ActiveCfg = Release|Any CPU
		{C1ECD687-F5EF-40F6-A5C0-CAF376B669EB}.Release|Any CPU.Build.0 = Release|Any CPU
		{06756FAE-8198-4DC8-A74E-5B931A1EEC34}.Debug|Any CPU.ActiveCfg = Debug|Any CPU
		{06756FAE-8198-4DC8-A74E-5B931A1EEC34}.Debug|Any CPU.Build.0 = Debug|Any CPU
		{06756FAE-8198-4DC8-A74E-5B931A1EEC34}.Release|Any CPU.ActiveCfg = Release|Any CPU
		{06756FAE-8198-4DC8-A74E-5B931A1EEC34}.Release|Any CPU.Build.0 = Release|Any CPU
	EndGlobalSection
	GlobalSection(SolutionProperties) = preSolution
		HideSolutionNode = FALSE
	EndGlobalSection
EndGlobal
